
Microsoft Visual Studio Solution File, Format Version 12.00
# Visual Studio 2012
Project("{FAE04EC0-301F-11D3-BF4B-00C04F79EFBC}") = "FIS_RockwellGen", "WindowsFormsApplication5\FIS_RockwellGen.csproj", "{C2510C90-F985-4E83-96C5-BEAB62457D62}"
EndProject
Project("{FAE04EC0-301F-11D3-BF4B-00C04F79EFBC}") = "Excel_Write", "Excel_Write\Excel_Write.csproj", "{E0ED8CD3-6A7F-491B-B793-BA2ED1BDDE52}"
EndProject
Global
	GlobalSection(SolutionConfigurationPlatforms) = preSolution
		Debug|Any CPU = Debug|Any CPU
		Release|Any CPU = Release|Any CPU
	EndGlobalSection
	GlobalSection(ProjectConfigurationPlatforms) = postSolution
		{C2510C90-F985-4E83-96C5-BEAB62457D62}.Debug|Any CPU.ActiveCfg = Debug|Any CPU
		{C2510C90-F985-4E83-96C5-BEAB62457D62}.Debug|Any CPU.Build.0 = Debug|Any CPU
		{C2510C90-F985-4E83-96C5-BEAB62457D62}.Release|Any CPU.ActiveCfg = Release|Any CPU
		{C2510C90-F985-4E83-96C5-BEAB62457D62}.Release|Any CPU.Build.0 = Release|Any CPU
		{E0ED8CD3-6A7F-491B-B793-BA2ED1BDDE52}.Debug|Any CPU.ActiveCfg = Debug|Any CPU
		{E0ED8CD3-6A7F-491B-B793-BA2ED1BDDE52}.Debug|Any CPU.Build.0 = Debug|Any CPU
		{E0ED8CD3-6A7F-491B-B793-BA2ED1BDDE52}.Release|Any CPU.ActiveCfg = Release|Any CPU
		{E0ED8CD3-6A7F-491B-B793-BA2ED1BDDE52}.Release|Any CPU.Build.0 = Release|Any CPU
	EndGlobalSection
	GlobalSection(SolutionProperties) = preSolution
		HideSolutionNode = FALSE
	EndGlobalSection
EndGlobal
